{
  "name": "eth_signTypedData",
  "lockfileVersion": 3,
  "requires": true,
  "packages": {
    "": {
      "dependencies": {
        "@metamask/eth-sig-util": "^7.0.2"
      }
    },
    "node_modules/@ethereumjs/common": {
      "version": "3.2.0",
      "license": "MIT",
      "dependencies": {
        "@ethereumjs/util": "^8.1.0",
        "crc-32": "^1.2.0"
      }
    },
    "node_modules/@ethereumjs/rlp": {
      "version": "4.0.1",
      "license": "MPL-2.0",
      "bin": {
        "rlp": "bin/rlp"
      },
      "engines": {
        "node": ">=14"
      }
    },
    "node_modules/@ethereumjs/tx": {
      "version": "4.2.0",
      "license": "MPL-2.0",
      "dependencies": {
        "@ethereumjs/common": "^3.2.0",
        "@ethereumjs/rlp": "^4.0.1",
        "@ethereumjs/util": "^8.1.0",
        "ethereum-cryptography": "^2.0.0"
      },
      "engines": {
        "node": ">=14"
      }
    },
    "node_modules/@ethereumjs/util": {
      "version": "8.1.0",
      "license": "MPL-2.0",
      "dependencies": {
        "@ethereumjs/rlp": "^4.0.1",
        "ethereum-cryptography": "^2.0.0",
        "micro-ftch": "^0.3.1"
      },
      "engines": {
        "node": ">=14"
      }
    },
    "node_modules/@metamask/abi-utils": {
      "version": "2.0.4",
      "license": "(Apache-2.0 AND MIT)",
      "dependencies": {
        "@metamask/superstruct": "^3.1.0",
        "@metamask/utils": "^9.0.0"
      },
      "engines": {
        "node": ">=16.0.0"
      }
    },
    "node_modules/@metamask/abi-utils/node_modules/@metamask/utils": {
      "version": "9.0.0",
      "license": "ISC",
      "dependencies": {
        "@ethereumjs/tx": "^4.2.0",
        "@metamask/superstruct": "^3.1.0",
        "@noble/hashes": "^1.3.1",
        "@scure/base": "^1.1.3",
        "@types/debug": "^4.1.7",
        "debug": "^4.3.4",
        "pony-cause": "^2.1.10",
        "semver": "^7.5.4",
        "uuid": "^9.0.1"
      },
      "engines": {
        "node": ">=16.0.0"
      }
    },
    "node_modules/@metamask/eth-sig-util": {
      "version": "7.0.2",
      "resolved": "https://registry.npmjs.org/@metamask/eth-sig-util/-/eth-sig-util-7.0.2.tgz",
      "integrity": "sha512-DhTDMNEtED0ihIc4Tysm6qUJTvArCdgSTeeJWdo526W/cAk5mrSAvEYYgv8idAiBumDtcPWGimMTaB7MvY64bg==",
      "dependencies": {
        "@ethereumjs/util": "^8.1.0",
        "@metamask/abi-utils": "^2.0.2",
        "@metamask/utils": "^8.1.0",
        "@scure/base": "~1.1.3",
        "ethereum-cryptography": "^2.1.2",
        "tweetnacl": "^1.0.3"
      },
      "engines": {
        "node": "^16.20 || ^18.16 || >=20"
      }
    },
    "node_modules/@metamask/superstruct": {
      "version": "3.1.0",
      "license": "MIT",
      "engines": {
        "node": ">=16.0.0"
      }
    },
    "node_modules/@metamask/utils": {
      "version": "8.5.0",
      "license": "ISC",
      "dependencies": {
        "@ethereumjs/tx": "^4.2.0",
        "@metamask/superstruct": "^3.0.0",
        "@noble/hashes": "^1.3.1",
        "@scure/base": "^1.1.3",
        "@types/debug": "^4.1.7",
        "debug": "^4.3.4",
        "pony-cause": "^2.1.10",
        "semver": "^7.5.4",
        "uuid": "^9.0.1"
      },
      "engines": {
        "node": ">=16.0.0"
      }
    },
    "node_modules/@noble/curves": {
      "version": "1.4.2",
      "license": "MIT",
      "dependencies": {
        "@noble/hashes": "1.4.0"
      },
      "funding": {
        "url": "https://paulmillr.com/funding/"
      }
    },
    "node_modules/@noble/hashes": {
      "version": "1.4.0",
      "license": "MIT",
      "engines": {
        "node": ">= 16"
      },
      "funding": {
        "url": "https://paulmillr.com/funding/"
      }
    },
    "node_modules/@scure/base": {
      "version": "1.1.7",
      "license": "MIT",
      "funding": {
        "url": "https://paulmillr.com/funding/"
      }
    },
    "node_modules/@scure/bip32": {
      "version": "1.4.0",
      "license": "MIT",
      "dependencies": {
        "@noble/curves": "~1.4.0",
        "@noble/hashes": "~1.4.0",
        "@scure/base": "~1.1.6"
      },
      "funding": {
        "url": "https://paulmillr.com/funding/"
      }
    },
    "node_modules/@scure/bip39": {
      "version": "1.3.0",
      "license": "MIT",
      "dependencies": {
        "@noble/hashes": "~1.4.0",
        "@scure/base": "~1.1.6"
      },
      "funding": {
        "url": "https://paulmillr.com/funding/"
      }
    },
    "node_modules/@types/debug": {
      "version": "4.1.12",
      "license": "MIT",
      "dependencies": {
        "@types/ms": "*"
      }
    },
    "node_modules/@types/ms": {
      "version": "0.7.34",
      "license": "MIT"
    },
    "node_modules/crc-32": {
      "version": "1.2.2",
      "license": "Apache-2.0",
      "bin": {
        "crc32": "bin/crc32.njs"
      },
      "engines": {
        "node": ">=0.8"
      }
    },
    "node_modules/debug": {
      "version": "4.3.5",
      "license": "MIT",
      "dependencies": {
        "ms": "2.1.2"
      },
      "engines": {
        "node": ">=6.0"
      },
      "peerDependenciesMeta": {
        "supports-color": {
          "optional": true
        }
      }
    },
    "node_modules/ethereum-cryptography": {
      "version": "2.2.1",
      "license": "MIT",
      "dependencies": {
        "@noble/curves": "1.4.2",
        "@noble/hashes": "1.4.0",
        "@scure/bip32": "1.4.0",
        "@scure/bip39": "1.3.0"
      }
    },
    "node_modules/micro-ftch": {
      "version": "0.3.1",
      "license": "MIT"
    },
    "node_modules/ms": {
      "version": "2.1.2",
      "license": "MIT"
    },
    "node_modules/pony-cause": {
      "version": "2.1.11",
      "license": "0BSD",
      "engines": {
        "node": ">=12.0.0"
      }
    },
    "node_modules/semver": {
      "version": "7.6.2",
      "license": "ISC",
      "bin": {
        "semver": "bin/semver.js"
      },
      "engines": {
        "node": ">=10"
      }
    },
    "node_modules/tweetnacl": {
      "version": "1.0.3",
      "license": "Unlicense"
    },
    "node_modules/uuid": {
      "version": "9.0.1",
      "funding": [
        "https://github.com/sponsors/broofa",
        "https://github.com/sponsors/ctavan"
      ],
      "license": "MIT",
      "bin": {
        "uuid": "dist/bin/uuid"
      }
    }
  }
}
