github.com/AdamSLevy/go-merkle v0.0.0-20190611101253-ca33344a884d h1:FWutTJGVqBnL4rLgeNaspUYnmnvkXcmDA3QO3rHBGgU=
github.com/AdamSLevy/go-merkle v0.0.0-20190611101253-ca33344a884d/go.mod h1:Nw3sh5L40Xs1wno7ndbD/dYWg+vARpBvpX9Zz1YSxbo=
github.com/AdamSLevy/jsonrpc2/v14 v14.0.0 h1:ofSXSSa9Opft4KtEcIEshKbI2CAynwtKNZj2ASFDucc=
github.com/AdamSLevy/jsonrpc2/v14 v14.0.0/go.mod h1:ZakZtbCXxCz82NJvq7MoREtiQesnDfrtF6RFUGzQfLo=
github.com/AdamSLevy/retry v0.0.0-20191017184328-cce921f261f4 h1:qTRFsX5Cb/zeePRrKCfLkH4FJpRTP6DbrzPofBWjF5Y=
github.com/AdamSLevy/retry v0.0.0-20191017184328-cce921f261f4/go.mod h1:tnApKAJirDWmLW23fTAC3dX91ozZxd2yiyKO1xl4bkc=
github.com/Factom-Asset-Tokens/base58 v0.0.0-20191118025050-4fa02e92ec20 h1:1nawjNicqRenJdI9MjIpWF252HxRbERWgDPnl0CYbCk=
github.com/Factom-Asset-Tokens/base58 v0.0.0-20191118025050-4fa02e92ec20/go.mod h1:jX3P0B/GuC+e4VsNXcg/Mw+h8Vu8Ysqta4QYQAw+uY8=
github.com/JohnCGriffin/overflow v0.0.0-20170615021017-4d914c927216 h1:2ZboyJ8vl75fGesnG9NpMTD2DyQI3FzMXy4x752rGF0=
github.com/JohnCGriffin/overflow v0.0.0-20170615021017-4d914c927216/go.mod h1:X0CRv0ky0k6m906ixxpzmDRLvX58TFUKS2eePweuyxk=
github.com/davecgh/go-spew v1.1.0/go.mod h1:J7Y8YcW2NihsgmVo/mv3lAwl/skON4iLHjSsI+c5H38=
github.com/davecgh/go-spew v1.1.1 h1:vj9j/u1bqnvCEfJOwUhtlOARqs3+rkHYY13jYWTU97c=
github.com/davecgh/go-spew v1.1.1/go.mod h1:J7Y8YcW2NihsgmVo/mv3lAwl/skON4iLHjSsI+c5H38=
github.com/pmezard/go-difflib v1.0.0 h1:4DBwDE0NGyQoBHbLQYPwSUPoCMWR5BEzIk/f1lZbAQM=
github.com/pmezard/go-difflib v1.0.0/go.mod h1:iKH77koFhYxTK1pcRnkKkqfTogsbg7gZNVY4sRDYZ/4=
github.com/stretchr/objx v0.1.0/go.mod h1:HFkY916IF+rwdDfMAkV7OtwuqBVzrE8GR6GFx+wExME=
github.com/stretchr/testify v1.2.2/go.mod h1:a8OnRcib4nhh0OaRAV+Yts87kKdq0PP7pXfy6kDkUVs=
github.com/stretchr/testify v1.4.0 h1:2E4SXV/wtOkTonXsotYi4li6zVWxYlZuYNCXe9XRJyk=
github.com/stretchr/testify v1.4.0/go.mod h1:j7eGeouHqKxXV5pUuKE4zz7dFj8WfuZ+81PSLYec5m4=
golang.org/x/sync v0.0.0-20190911185100-cd5d95a43a6e h1:vcxGaoTs7kV8m5Np9uUNQin4BrLOthgV7252N8V+FwY=
golang.org/x/sync v0.0.0-20190911185100-cd5d95a43a6e/go.mod h1:RxMgew5VJxzue5/jJTE5uejpjVlOe/izrB70Jof72aM=
gopkg.in/check.v1 v0.0.0-20161208181325-20d25e280405 h1:yhCVgyC4o1eVCa2tZl7eS0r+SDo693bJlVdllGtEeKM=
gopkg.in/check.v1 v0.0.0-20161208181325-20d25e280405/go.mod h1:Co6ibVJAznAaIkqp8huTwlJQCZ016jof/cbN4VW5Yz0=
gopkg.in/yaml.v2 v2.2.2 h1:ZCJp+EgiOT7lHqUV2J862kp8Qj64Jo6az82+3Td9dZw=
gopkg.in/yaml.v2 v2.2.2/go.mod h1:hI93XBmqTisBFMUTm0b8Fm+jr3Dg1NNxqwp+5A1VGuI=
